
Microsoft Visual Studio Solution File, Format Version 12.00
# Visual Studio 15
VisualStudioVersion = 15.0.28307.329
MinimumVisualStudioVersion = 10.0.40219.1
Project("{FAE04EC0-301F-11D3-BF4B-00C04F79EFBC}") = "Exercise1", "Exercise1\Exercise1.csproj", "{6B918453-7EEB-4A24-8FEC-8EAE95245DEA}"
EndProject
Global
	GlobalSection(SolutionConfigurationPlatforms) = preSolution
		Debug|Any CPU = Debug|Any CPU
		Release|Any CPU = Release|Any CPU
	EndGlobalSection
	GlobalSection(ProjectConfigurationPlatforms) = postSolution
		{6B918453-7EEB-4A24-8FEC-8EAE95245DEA}.Debug|Any CPU.ActiveCfg = Debug|Any CPU
		{6B918453-7EEB-4A24-8FEC-8EAE95245DEA}.Debug|Any CPU.Build.0 = Debug|Any CPU
		{6B918453-7EEB-4A24-8FEC-8EAE95245DEA}.Release|Any CPU.ActiveCfg = Release|Any CPU
		{6B918453-7EEB-4A24-8FEC-8EAE95245DEA}.Release|Any CPU.Build.0 = Release|Any CPU
	EndGlobalSection
	GlobalSection(SolutionProperties) = preSolution
		HideSolutionNode = FALSE
	EndGlobalSection
	GlobalSection(ExtensibilityGlobals) = postSolution
		SolutionGuid = {5F976442-CF7B-4913-8FF6-AF83F1B0CFA1}
	EndGlobalSection
EndGlobal
